
Microsoft Visual Studio Solution File, Format Version 12.00
# Visual Studio Version 17
VisualStudioVersion = 17.5.33516.290
MinimumVisualStudioVersion = 10.0.40219.1
Project("{9A19103F-16F7-4668-BE54-9A1E7A4F7556}") = "ApiTest", "Test\ApiTest.csproj", "{75FD5BC8-AB90-4A80-B271-781991EBC055}"
EndProject
Project("{54A90642-561A-4BB1-A94E-469ADEE60C69}") = "fronttest", "FrontTest\fronttest.esproj", "{B30BA719-7304-4151-895F-18319BE1C61F}"
EndProject
Global
	GlobalSection(SolutionConfigurationPlatforms) = preSolution
		Debug|Any CPU = Debug|Any CPU
		Release|Any CPU = Release|Any CPU
	EndGlobalSection
	GlobalSection(ProjectConfigurationPlatforms) = postSolution
		{75FD5BC8-AB90-4A80-B271-781991EBC055}.Debug|Any CPU.ActiveCfg = Debug|Any CPU
		{75FD5BC8-AB90-4A80-B271-781991EBC055}.Debug|Any CPU.Build.0 = Debug|Any CPU
		{75FD5BC8-AB90-4A80-B271-781991EBC055}.Release|Any CPU.ActiveCfg = Release|Any CPU
		{75FD5BC8-AB90-4A80-B271-781991EBC055}.Release|Any CPU.Build.0 = Release|Any CPU
		{B30BA719-7304-4151-895F-18319BE1C61F}.Debug|Any CPU.ActiveCfg = Debug|Any CPU
		{B30BA719-7304-4151-895F-18319BE1C61F}.Debug|Any CPU.Build.0 = Debug|Any CPU
		{B30BA719-7304-4151-895F-18319BE1C61F}.Debug|Any CPU.Deploy.0 = Debug|Any CPU
		{B30BA719-7304-4151-895F-18319BE1C61F}.Release|Any CPU.ActiveCfg = Release|Any CPU
		{B30BA719-7304-4151-895F-18319BE1C61F}.Release|Any CPU.Build.0 = Release|Any CPU
		{B30BA719-7304-4151-895F-18319BE1C61F}.Release|Any CPU.Deploy.0 = Release|Any CPU
	EndGlobalSection
	GlobalSection(SolutionProperties) = preSolution
		HideSolutionNode = FALSE
	EndGlobalSection
	GlobalSection(ExtensibilityGlobals) = postSolution
		SolutionGuid = {E475A805-6CBE-42F7-9DF7-17B1D75C891A}
	EndGlobalSection
EndGlobal
